[[package]]
name = "asgiref"
version = "3.2.0"
description = "ASGI specs, helper code, and adapters"
category = "main"
optional = false
python-versions = "*"

[package.extras]
tests = ["pytest (>=4.3.0,<4.4.0)", "pytest-asyncio (>=0.10.0,<0.11.0)"]

[metadata]
lock-version = "1.1"
python-versions = "^3.6"
content-hash = "3acc5eca4c843d7f29bd01f38e896a84d08572fa4377c159a0f931c33aea36c8"

[metadata.files]
asgiref = [
    {file = "asgiref-3.2.0-py2.py3-none-any.whl", hash = "sha256:abfe78df4bdefdbdc6902b1900c14e60b4cd7fea2ce218b5f12d998a46a9eb18"},
    {file = "asgiref-3.2.0.tar.gz", hash = "sha256:cefcbd64acbfc9f38913566824ef070dd9a50e63f1b4cc5a7f1c44be809d7ff3"},
]
